
Microsoft Visual Studio Solution File, Format Version 12.00
# Visual Studio Version 17
VisualStudioVersion = 17.4.33122.133
MinimumVisualStudioVersion = 10.0.40219.1
Project("{FAE04EC0-301F-11D3-BF4B-00C04F79EFBC}") = "Lab11_LiliyaBuhktik", "Lab11_LiliyaBuhktik\Lab11_LiliyaBuhktik.csproj", "{E2395A2D-35CE-446E-A66E-F3CA7CAD8397}"
EndProject
Global
	GlobalSection(SolutionConfigurationPlatforms) = preSolution
		Debug|Any CPU = Debug|Any CPU
		Release|Any CPU = Release|Any CPU
	EndGlobalSection
	GlobalSection(ProjectConfigurationPlatforms) = postSolution
		{E2395A2D-35CE-446E-A66E-F3CA7CAD8397}.Debug|Any CPU.ActiveCfg = Debug|Any CPU
		{E2395A2D-35CE-446E-A66E-F3CA7CAD8397}.Debug|Any CPU.Build.0 = Debug|Any CPU
		{E2395A2D-35CE-446E-A66E-F3CA7CAD8397}.Release|Any CPU.ActiveCfg = Release|Any CPU
		{E2395A2D-35CE-446E-A66E-F3CA7CAD8397}.Release|Any CPU.Build.0 = Release|Any CPU
	EndGlobalSection
	GlobalSection(SolutionProperties) = preSolution
		HideSolutionNode = FALSE
	EndGlobalSection
	GlobalSection(ExtensibilityGlobals) = postSolution
		SolutionGuid = {1FE7E20D-8045-49A6-BCE7-FF5A1AA98225}
	EndGlobalSection
EndGlobal
